github.com/aws/aws-sdk-go v1.55.8 h1:JRmEUbU52aJQZ2AjX4q4Wu7t4uZjOu71uyNmaWlUkJQ=
github.com/aws/aws-sdk-go v1.55.8/go.mod h1:ZkViS9AqA6otK+JBBNH2++sx1sgxrPKcSzPPvQkUtXk=
github.com/aws/aws-sdk-go-v2 v1.41.12 h1:DIKX2c31ekm9RA2D9FBj1EWXx++9AdAqRw+e78Tq2Ck=
github.com/aws/aws-sdk-go-v2 v1.41.12/go.mod h1:27+ACypSLljLAEKsCYOmrjKh83vuTRkuAe9Uv/3A4bg=
github.com/aws/aws-sdk-go-v2/config v1.32.23 h1:PYDobtcsJXK6bQe9I8RQk6s19Bz3xa3xRU08Hy1Em3Y=
github.com/aws/aws-sdk-go-v2/config v1.32.23/go.mod h1:QID4dqUQVgEOYPKsPWd1sNWCCR2c5g7o3jeEtIXPOZU=
github.com/aws/aws-sdk-go-v2/credentials v1.19.22 h1:SHfH6wyPsEgG7fVsi5rQxWEt7tuIcN2PGhb1mTFv6tE=
github.com/aws/aws-sdk-go-v2/credentials v1.19.22/go.mod h1:54nO8lKD4aQPOntM/VTWjnR+DYzTwx0YkSMZMhAgewQ=
github.com/aws/aws-sdk-go-v2/feature/ec2/imds v1.18.28 h1:b+kcDejJrXc30zU/w8Tc9klISwaO5wh+6T0sMBdDoHM=
github.com/aws/aws-sdk-go-v2/feature/ec2/imds v1.18.28/go.mod h1:LnI62O9GnSv6GcuLXxOYqlq0C8EmxMcgnF6m7LdYuOY=
github.com/aws/aws-sdk-go-v2/internal/configsources v1.4.28 h1:Xf2j7NdVcUKomlZ4iihOP4AZ3Fzlr8h4yKpXeP+OFPg=
github.com/aws/aws-sdk-go-v2/internal/configsources v1.4.28/go.mod h1:O8cDo1dW63jU7ki//kRe1z+tLGcpnD1jrouitsQddDw=
github.com/aws/aws-sdk-go-v2/internal/endpoints/v2 v2.7.28 h1:KqIfN9kpkKkcBqBbNpNGTIrXO6ExTUvFKvXkC+YAzVo=
github.com/aws/aws-sdk-go-v2/internal/endpoints/v2 v2.7.28/go.mod h1:uxtQiKvLtNS4iXVsH2McVD/ls8FKN/uUhe1hGxPjrw0=
github.com/aws/aws-sdk-go-v2/internal/v4a v1.4.29 h1:VkE9FuzTQVjBBrnj4+oCdxCLFIz7aqLYKUCjtvxVcOs=
github.com/aws/aws-sdk-go-v2/internal/v4a v1.4.29/go.mod h1:H32Z2Qth9b+9LqjyBsCnozMQ8H2N7YBUDVXwbs0iggg=
github.com/aws/aws-sdk-go-v2/service/ec2 v1.303.0 h1:qkTLlFVQDSk0tbOqn49pxZjIVY2jy3n0FBXh+PphNkk=
github.com/aws/aws-sdk-go-v2/service/ec2 v1.303.0/go.mod h1:Y95W0Hm6FYLPa6o0hbnJ+sWgmdc4ifcLFjGkdobWVhY=
github.com/aws/aws-sdk-go-v2/service/internal/accept-encoding v1.13.12 h1:ZD2+BSw9vFsNlKYIasSNt3uDbjqqXIBcM13UJv/Lx2k=
github.com/aws/aws-sdk-go-v2/service/internal/accept-encoding v1.13.12/go.mod h1:Ms4zlcVBbXbiP7EVLhl+lgjvA/a7YphqQ3Ih3174EmI=
github.com/aws/aws-sdk-go-v2/service/internal/presigned-url v1.13.28 h1:axj4mEDletwKmTm/9jR+DkIMmCfcn5vE4jBMAAN+3Vg=
github.com/aws/aws-sdk-go-v2/service/internal/presigned-url v1.13.28/go.mod h1:3Aaz69M0jqfSHLKqxgolgUBFT4hpwSNc7DzC95orEi8=
github.com/aws/aws-sdk-go-v2/service/signin v1.1.4 h1:YcpVyIPLCbiypN6KSphijN5fC7DDjX114SqA7prnnxg=
github.com/aws/aws-sdk-go-v2/service/signin v1.1.4/go.mod h1:5ZICS++oFTRPfa1GsBqFDWX/8WamZ/QQOcCzIuU/zLw=
github.com/aws/aws-sdk-go-v2/service/ssm v1.69.2 h1:1tt+wXv6kWIgHdFd4ehWtBdURIMVYl68ipwljOsR3k4=
github.com/aws/aws-sdk-go-v2/service/ssm v1.69.2/go.mod h1:pDKjBx7WU2Ywh+6vfGjzOPuTJDLgDUpYS/iBWYLUyqc=
github.com/aws/aws-sdk-go-v2/service/sso v1.31.2 h1:ySNWu7TPmj5fKFIa1GYvX+Ddxd5ccruqC20aMNuyWDM=
github.com/aws/aws-sdk-go-v2/service/sso v1.31.2/go.mod h1:A+U9luAOwFeB1kseyWCITVg7/NntoPebCFR9pQ4ch9A=
github.com/aws/aws-sdk-go-v2/service/ssooidc v1.36.5 h1:KSzGGqfk39O+WU3OEyYbx6F7sLDQCqxlOJ+2IksfK6U=
github.com/aws/aws-sdk-go-v2/service/ssooidc v1.36.5/go.mod h1:ATs88lXDeQB6CZOgQ5BIl9JbYS+EsCWUSDyff6L/oVo=
github.com/aws/aws-sdk-go-v2/service/sts v1.43.2 h1:RTO7mmGyedgnNmcPh3yQizNfc6GKoV5iqfdJavuf9vw=
github.com/aws/aws-sdk-go-v2/service/sts v1.43.2/go.mod h1:fBhUZXDin9YYqhcpOMjIcpdik25rVwWyxLdPH1RZd9s=
github.com/aws/session-manager-plugin v0.0.0-20260317185859-1fc63e3f5a01 h1:mWtqMPDQxHjyMmp2JXrf6KIl9cC2cA3XNGL38xEmqqs=
github.com/aws/session-manager-plugin v0.0.0-20260317185859-1fc63e3f5a01/go.mod h1:7n17tunRPUsniNBu5Ja9C7WwJWTdOzaLqr/H0Ns3uuI=
github.com/aws/smithy-go v1.27.1 h1:4T340VFndXtADGF52gYa1POyL7s9E4Z1OeZ1hCscIw8=
github.com/aws/smithy-go v1.27.1/go.mod h1:YE2RhdIuDbA5E5bTdciG9KrW3+TiEONeUWCqxX9i1Fc=
github.com/cihub/seelog v0.0.0-20170130134532-f561c5e57575 h1:kHaBemcxl8o/pQ5VM1c8PVE1PubbNx3mjUr09OqWGCs=
github.com/cihub/seelog v0.0.0-20170130134532-f561c5e57575/go.mod h1:9d6lWj8KzO/fd/NrVaLscBKmPigpZpn5YawRPw+e3Yo=
github.com/davecgh/go-spew v1.1.0/go.mod h1:J7Y8YcW2NihsgmVo/mv3lAwl/skON4iLHjSsI+c5H38=
github.com/davecgh/go-spew v1.1.1 h1:vj9j/u1bqnvCEfJOwUhtlOARqs3+rkHYY13jYWTU97c=
github.com/davecgh/go-spew v1.1.1/go.mod h1:J7Y8YcW2NihsgmVo/mv3lAwl/skON4iLHjSsI+c5H38=
github.com/fsnotify/fsnotify v1.9.0 h1:2Ml+OJNzbYCTzsxtv8vKSFD9PbJjmhYF14k/jKC7S9k=
github.com/fsnotify/fsnotify v1.9.0/go.mod h1:8jBTzvmWwFyi3Pb8djgCCO5IBqzKJ/Jwo8TRcHyHii0=
github.com/google/uuid v1.6.0 h1:NIvaJDMOsjHA8n1jAhLSgzrAzy1Hgr+hNrb57e+94F0=
github.com/google/uuid v1.6.0/go.mod h1:TIyPZe4MgqvfeYDBFedMoGGpEw/LqOeaOT+nhxU+yHo=
github.com/gorilla/websocket v1.4.2 h1:+/TMaTYc4QFitKJxsQ7Yye35DkWvkdLcvGKqM+x0Ufc=
github.com/gorilla/websocket v1.4.2/go.mod h1:YR8l580nyteQvAITg2hZ9XVh4b55+EU/adAjf1fMHhE=
github.com/jmespath/go-jmespath v0.4.0 h1:BEgLn5cpjn8UN1mAw4NjwDrS35OdebyEtFe+9YPoQUg=
github.com/jmespath/go-jmespath v0.4.0/go.mod h1:T8mJZnbsbmF+m6zOOFylbeCJqk5+pHWvzYPziyZiYoo=
github.com/jmespath/go-jmespath/internal/testify v1.5.1 h1:shLQSRRSCCPj3f2gpwzGwWFoC7ycTf1rcQZHOlsJ6N8=
github.com/jmespath/go-jmespath/internal/testify v1.5.1/go.mod h1:L3OGu8Wl2/fWfCI6z80xFu9LTZmf1ZRjMHUOPmWr69U=
github.com/mmmorris1975/ssm-session-client v0.404.5 h1:wYPdSn2yepQlVO3Fcjx45dT0LNpSdrqjjvUedPAsPd8=
github.com/mmmorris1975/ssm-session-client v0.404.5/go.mod h1:ALX1xqkhvSvqlfFVxqP4UoNDCEdoEDzjmZ8zdR+/DFc=
github.com/pmezard/go-difflib v1.0.0 h1:4DBwDE0NGyQoBHbLQYPwSUPoCMWR5BEzIk/f1lZbAQM=
github.com/pmezard/go-difflib v1.0.0/go.mod h1:iKH77koFhYxTK1pcRnkKkqfTogsbg7gZNVY4sRDYZ/4=
github.com/stretchr/objx v0.1.0/go.mod h1:HFkY916IF+rwdDfMAkV7OtwuqBVzrE8GR6GFx+wExME=
github.com/stretchr/objx v0.5.2 h1:xuMeJ0Sdp5ZMRXx/aWO6RZxdr3beISkG5/G/aIRr3pY=
github.com/stretchr/objx v0.5.2/go.mod h1:FRsXN1f5AsAjCGJKqEizvkpNtU+EGNCLh3NxZ/8L+MA=
github.com/stretchr/testify v1.11.1 h1:7s2iGBzp5EwR7/aIZr8ao5+dra3wiQyKjjFuvgVKu7U=
github.com/stretchr/testify v1.11.1/go.mod h1:wZwfW3scLgRK+23gO65QZefKpKQRnfz6sD981Nm4B6U=
github.com/twinj/uuid v0.0.0-20151029044442-89173bcdda19 h1:HlxV0XiEKMMyjS3gGtJmmFZsxQ22GsLvA7F980il+1w=
github.com/twinj/uuid v0.0.0-20151029044442-89173bcdda19/go.mod h1:mMgcE1RHFUFqe5AfiwlINXisXfDGro23fWdPUfOMjRY=
github.com/xtaci/smux v1.5.35 h1:RosihGJBeaS8gxOZ17HNxbhONwnqQwNwusHx4+SEGhk=
github.com/xtaci/smux v1.5.35/go.mod h1:OMlQbT5vcgl2gb49mFkYo6SMf+zP3rcjcwQz7ZU7IGY=
golang.org/x/crypto v0.51.0 h1:IBPXwPfKxY7cWQZ38ZCIRPI50YLeevDLlLnyC5wRGTI=
golang.org/x/crypto v0.51.0/go.mod h1:8AdwkbraGNABw2kOX6YFPs3WM22XqI4EXEd8g+x7Oc8=
golang.org/x/net v0.54.0 h1:2zJIZAxAHV/OHCDTCOHAYehQzLfSXuf/5SoL/Dv6w/w=
golang.org/x/net v0.54.0/go.mod h1:Sj4oj8jK6XmHpBZU/zWHw3BV3abl4Kvi+Ut7cQcY+cQ=
golang.org/x/sync v0.19.0 h1:vV+1eWNmZ5geRlYjzm2adRgW2/mcpevXNg50YZtPCE4=
golang.org/x/sync v0.19.0/go.mod h1:9KTHXmSnoGruLpwFjVSX0lNNA75CykiMECbovNTZqGI=
golang.org/x/sys v0.45.0 h1:dO4czNzziLiiXplLQgBCEpCvXQ3dnkn0SdaZSYdQ+FY=
golang.org/x/sys v0.45.0/go.mod h1:4GL1E5IUh+htKOUEOaiffhrAeqysfVGipDYzABqnCmw=
golang.org/x/term v0.43.0 h1:S4RLU2sB31O/NCl+zFN9Aru9A/Cq2aqKpTZJ6B+DwT4=
golang.org/x/term v0.43.0/go.mod h1:lrhlHNdQJHO+1qVYiHfFKVuVioJIheAc3fBSMFYEIsk=
gopkg.in/check.v1 v0.0.0-20161208181325-20d25e280405 h1:yhCVgyC4o1eVCa2tZl7eS0r+SDo693bJlVdllGtEeKM=
gopkg.in/check.v1 v0.0.0-20161208181325-20d25e280405/go.mod h1:Co6ibVJAznAaIkqp8huTwlJQCZ016jof/cbN4VW5Yz0=
gopkg.in/yaml.v2 v2.2.8 h1:obN1ZagJSUGI0Ek/LBmuj4SNLPfIny3KsKFopxRdj10=
gopkg.in/yaml.v2 v2.2.8/go.mod h1:hI93XBmqTisBFMUTm0b8Fm+jr3Dg1NNxqwp+5A1VGuI=
gopkg.in/yaml.v3 v3.0.1 h1:fxVm/GzAzEWqLHuvctI91KS9hhNmmWOoWu0XTYJS7CA=
gopkg.in/yaml.v3 v3.0.1/go.mod h1:K4uyk7z7BCEPqu6E+C64Yfv1cQ7kz7rIZviUmN+EgEM=
