github.com/aws/aws-sdk-go v1.44.76/go.mod h1:y4AeaBuwd2Lk+GepC1E9v0qOiTws0MIWAX4oIKwKHZo=
github.com/aws/aws-sdk-go v1.55.5 h1:KKUZBfBoyqy5d3swXyiC7Q76ic40rYcbqH7qjh59kzU=
github.com/aws/aws-sdk-go v1.55.5/go.mod h1:eRwEWoyTWFMVYVQzKMNHWP5/RV4xIUGMQfXQHfHkpNU=
github.com/aws/aws-sdk-go-v2 v1.17.1/go.mod h1:JLnGeGONAyi2lWXI1p0PCIOIy333JMVK1U7Hf0aRFLw=
github.com/aws/aws-sdk-go-v2 v1.38.2 h1:QUkLO1aTW0yqW95pVzZS0LGFanL71hJ0a49w4TJLMyM=
github.com/aws/aws-sdk-go-v2 v1.38.2/go.mod h1:sDioUELIUO9Znk23YVmIk86/9DOpkbyyVb1i/gUNFXY=
github.com/aws/aws-sdk-go-v2/config v1.17.10/go.mod h1:/4np+UiJJKpWHN7Q+LZvqXYgyjgeXm5+lLfDI6TPZao=
github.com/aws/aws-sdk-go-v2/config v1.31.5 h1:wsZr2kq1XeKU/D2QDcW5xEB1zHPdHAuQqnR0yaygAQQ=
github.com/aws/aws-sdk-go-v2/config v1.31.5/go.mod h1:IpXejRuSIyOSCyT4BomfIJ5gWRcDoX/NJaAHh9Cp8jE=
github.com/aws/aws-sdk-go-v2/credentials v1.12.23/go.mod h1:0awX9iRr/+UO7OwRQFpV1hNtXxOVuehpjVEzrIAYNcA=
github.com/aws/aws-sdk-go-v2/credentials v1.18.9 h1:zKrnPtmO7j2FpMqudayjCzNxyO8KtPQGCIzqEosKQbg=
github.com/aws/aws-sdk-go-v2/credentials v1.18.9/go.mod h1:gAotjkj0roLrwvBxECN1Q8ILfkVsw3Ntph6FP1LnZ8Q=
github.com/aws/aws-sdk-go-v2/feature/ec2/imds v1.12.19/go.mod h1:VihW95zQpeKQWVPGkwT+2+WJNQV8UXFfMTWdU6VErL8=
github.com/aws/aws-sdk-go-v2/feature/ec2/imds v1.18.5 h1:ul7hICbZ5Z/Pp9VnLVGUVe7rqYLXCyIiPU7hQ0sRkow=
github.com/aws/aws-sdk-go-v2/feature/ec2/imds v1.18.5/go.mod h1:5cIWJ0N6Gjj+72Q6l46DeaNtcxXHV42w/Uq3fIfeUl4=
github.com/aws/aws-sdk-go-v2/internal/configsources v1.1.25/go.mod h1:Zb29PYkf42vVYQY6pvSyJCJcFHlPIiY+YKdPtwnvMkY=
github.com/aws/aws-sdk-go-v2/internal/configsources v1.4.5 h1:d45S2DqHZOkHu0uLUW92VdBoT5v0hh3EyR+DzMEh3ag=
github.com/aws/aws-sdk-go-v2/internal/configsources v1.4.5/go.mod h1:G6e/dR2c2huh6JmIo9SXysjuLuDDGWMeYGibfW2ZrXg=
github.com/aws/aws-sdk-go-v2/internal/endpoints/v2 v2.4.19/go.mod h1:6Q0546uHDp421okhmmGfbxzq2hBqbXFNpi4k+Q1JnQA=
github.com/aws/aws-sdk-go-v2/internal/endpoints/v2 v2.7.5 h1:ENhnQOV3SxWHplOqNN1f+uuCNf9n4Y/PKpl6b1WRP0Q=
github.com/aws/aws-sdk-go-v2/internal/endpoints/v2 v2.7.5/go.mod h1:csQLMI+odbC0/J+UecSTztG70Dc4aTCOu4GyPNDNpVo=
github.com/aws/aws-sdk-go-v2/internal/ini v1.3.26/go.mod h1:Y2OJ+P+MC1u1VKnavT+PshiEuGPyh/7DqxoDNij4/bg=
github.com/aws/aws-sdk-go-v2/internal/ini v1.8.3 h1:bIqFDwgGXXN1Kpp99pDOdKMTTb5d2KyU5X/BZxjOkRo=
github.com/aws/aws-sdk-go-v2/internal/ini v1.8.3/go.mod h1:H5O/EsxDWyU+LP/V8i5sm8cxoZgc2fdNR9bxlOFrQTo=
github.com/aws/aws-sdk-go-v2/service/ec2 v1.64.0/go.mod h1:zul71QqzR4D1a90/5FloZiAnZ1CtuIjVH7R9MP997+A=
github.com/aws/aws-sdk-go-v2/service/ec2 v1.177.3 h1:dqdCh1M8h+j8OGNUpxTs7eBPFr6lOdLpdlE6IPLLSq4=
github.com/aws/aws-sdk-go-v2/service/ec2 v1.177.3/go.mod h1:TFSALWR7Xs7+KyMM87ZAYxncKFBvzEt2rpK/BJCH2ps=
github.com/aws/aws-sdk-go-v2/service/ec2instanceconnect v1.14.11/go.mod h1:E29Z9YWBhILsNzaxWab92P6Wni6pdd4NVN8D4FCyNUU=
github.com/aws/aws-sdk-go-v2/service/internal/accept-encoding v1.13.1 h1:oegbebPEMA/1Jny7kvwejowCaHz1FWZAQ94WXFNCyTM=
github.com/aws/aws-sdk-go-v2/service/internal/accept-encoding v1.13.1/go.mod h1:kemo5Myr9ac0U9JfSjMo9yHLtw+pECEHsFtJ9tqCEI8=
github.com/aws/aws-sdk-go-v2/service/internal/presigned-url v1.9.19/go.mod h1:02CP6iuYP+IVnBX5HULVdSAku/85eHB2Y9EsFhrkEwU=
github.com/aws/aws-sdk-go-v2/service/internal/presigned-url v1.13.5 h1:Cx1M/UUgYu9UCQnIMKaOhkVaFvLy1HneD6T4sS/DlKg=
github.com/aws/aws-sdk-go-v2/service/internal/presigned-url v1.13.5/go.mod h1:fTRNLgrTvPpEzGqc9QkeO4hu/3ng+mdtUbL8shUwXz4=
github.com/aws/aws-sdk-go-v2/service/ssm v1.31.3/go.mod h1:rEsqsZrOp9YvSGPOrcL3pR9+i/QJaWRkAYbuxMa7yCU=
github.com/aws/aws-sdk-go-v2/service/ssm v1.64.1 h1:zzZo2KZU2unh6WCGr8VvGqsnWAvXmjfH6jQ8oj/MakA=
github.com/aws/aws-sdk-go-v2/service/ssm v1.64.1/go.mod h1:fp8u6jpj1M+jmNeOcL1Fw+E9lk7112wZvskhHpUqj6U=
github.com/aws/aws-sdk-go-v2/service/sso v1.11.25/go.mod h1:IARHuzTXmj1C0KS35vboR0FeJ89OkEy1M9mWbK2ifCI=
github.com/aws/aws-sdk-go-v2/service/sso v1.29.0 h1:H4QPAHLE1bHSQrZV6Hz+CPpJG+Mtf+rkl6NFb/Y7sv8=
github.com/aws/aws-sdk-go-v2/service/sso v1.29.0/go.mod h1:BnyjuIX0l+KXJVl2o9Ki3Zf0M4pA2hQYopFCRUj9ADU=
github.com/aws/aws-sdk-go-v2/service/ssooidc v1.13.8/go.mod h1:er2JHN+kBY6FcMfcBBKNGCT3CarImmdFzishsqBmSRI=
github.com/aws/aws-sdk-go-v2/service/ssooidc v1.34.1 h1:8yI3jK5JZ310S8RpgdZdzwvlvBu3QbG8DP7Be/xJ6yo=
github.com/aws/aws-sdk-go-v2/service/ssooidc v1.34.1/go.mod h1:HPzXfFgrLd02lYpcFYdDz5xZs94LOb+lWlvbAGaeMsk=
github.com/aws/aws-sdk-go-v2/service/sts v1.17.1/go.mod h1:bXcN3koeVYiJcdDU89n3kCYILob7Y34AeLopUbZgLT4=
github.com/aws/aws-sdk-go-v2/service/sts v1.38.1 h1:3kWmIg5iiWPMBJyq/I55Fki5fyfoMtrn/SkUIpxPwHQ=
github.com/aws/aws-sdk-go-v2/service/sts v1.38.1/go.mod h1:yi0b3Qez6YamRVJ+Rbi19IgvjfjPODgVRhkWA6RTMUM=
github.com/aws/session-manager-plugin v0.0.0-20221012155945-c523002ee02c/go.mod h1:7n17tunRPUsniNBu5Ja9C7WwJWTdOzaLqr/H0Ns3uuI=
github.com/aws/session-manager-plugin v0.0.0-20240702185740-6384c679ead7 h1:q80i34PUqTiWIPN8nt0wU7RquMLXZ7cs4zSbqRcicjY=
github.com/aws/session-manager-plugin v0.0.0-20240702185740-6384c679ead7/go.mod h1:7n17tunRPUsniNBu5Ja9C7WwJWTdOzaLqr/H0Ns3uuI=
github.com/aws/smithy-go v1.13.4/go.mod h1:Tg+OJXh4MB2R/uN61Ko2f6hTZwB/ZYGOtib8J3gBHzA=
github.com/aws/smithy-go v1.23.0 h1:8n6I3gXzWJB2DxBDnfxgBaSX6oe0d/t10qGz7OKqMCE=
github.com/aws/smithy-go v1.23.0/go.mod h1:t1ufH5HMublsJYulve2RKmHDC15xu1f26kHCp/HgceI=
github.com/cihub/seelog v0.0.0-20170130134532-f561c5e57575 h1:kHaBemcxl8o/pQ5VM1c8PVE1PubbNx3mjUr09OqWGCs=
github.com/cihub/seelog v0.0.0-20170130134532-f561c5e57575/go.mod h1:9d6lWj8KzO/fd/NrVaLscBKmPigpZpn5YawRPw+e3Yo=
github.com/davecgh/go-spew v1.1.0/go.mod h1:J7Y8YcW2NihsgmVo/mv3lAwl/skON4iLHjSsI+c5H38=
github.com/davecgh/go-spew v1.1.1 h1:vj9j/u1bqnvCEfJOwUhtlOARqs3+rkHYY13jYWTU97c=
github.com/davecgh/go-spew v1.1.1/go.mod h1:J7Y8YcW2NihsgmVo/mv3lAwl/skON4iLHjSsI+c5H38=
github.com/eiannone/keyboard v0.0.0-20220611211555-0d226195f203 h1:XBBHcIb256gUJtLmY22n99HaZTz+r2Z51xUPi01m3wg=
github.com/eiannone/keyboard v0.0.0-20220611211555-0d226195f203/go.mod h1:E1jcSv8FaEny+OP/5k9UxZVw9YFWGj7eI4KR/iOBqCg=
github.com/fsnotify/fsnotify v1.5.4 h1:jRbGcIw6P2Meqdwuo0H1p6JVLbL5DHKAKlYndzMwVZI=
github.com/fsnotify/fsnotify v1.5.4/go.mod h1:OVB6XrOHzAwXMpEM7uPOzcehqUV2UqJxmVXmkdnm1bU=
github.com/google/go-cmp v0.5.8/go.mod h1:17dUlkBOakJ0+DkrSSNjCkIjxS6bF9zb3elmeNGIjoY=
github.com/google/uuid v1.3.0 h1:t6JiXgmwXMjEs8VusXIJk2BXHsn+wx8BZdTaoZ5fu7I=
github.com/google/uuid v1.3.0/go.mod h1:TIyPZe4MgqvfeYDBFedMoGGpEw/LqOeaOT+nhxU+yHo=
github.com/gorilla/websocket v1.4.2 h1:+/TMaTYc4QFitKJxsQ7Yye35DkWvkdLcvGKqM+x0Ufc=
github.com/gorilla/websocket v1.4.2/go.mod h1:YR8l580nyteQvAITg2hZ9XVh4b55+EU/adAjf1fMHhE=
github.com/jmespath/go-jmespath v0.4.0 h1:BEgLn5cpjn8UN1mAw4NjwDrS35OdebyEtFe+9YPoQUg=
github.com/jmespath/go-jmespath v0.4.0/go.mod h1:T8mJZnbsbmF+m6zOOFylbeCJqk5+pHWvzYPziyZiYoo=
github.com/jmespath/go-jmespath/internal/testify v1.5.1 h1:shLQSRRSCCPj3f2gpwzGwWFoC7ycTf1rcQZHOlsJ6N8=
github.com/jmespath/go-jmespath/internal/testify v1.5.1/go.mod h1:L3OGu8Wl2/fWfCI6z80xFu9LTZmf1ZRjMHUOPmWr69U=
github.com/mmmorris1975/ssm-session-client v0.401.1 h1:nm7uTpz5U/7T0rLy97ESCrcT+fX4321+qVvOClrsd0U=
github.com/mmmorris1975/ssm-session-client v0.401.1/go.mod h1:Gv045ehxc1lwPCiaaYNrjdRSBctFaIfTOSb3y8MpQ8E=
github.com/pkg/errors v0.9.1/go.mod h1:bwawxfHBFNV+L2hUp1rHADufV3IMtnDRdf1r5NINEl0=
github.com/pmezard/go-difflib v1.0.0 h1:4DBwDE0NGyQoBHbLQYPwSUPoCMWR5BEzIk/f1lZbAQM=
github.com/pmezard/go-difflib v1.0.0/go.mod h1:iKH77koFhYxTK1pcRnkKkqfTogsbg7gZNVY4sRDYZ/4=
github.com/stretchr/objx v0.1.0/go.mod h1:HFkY916IF+rwdDfMAkV7OtwuqBVzrE8GR6GFx+wExME=
github.com/stretchr/objx v0.4.0 h1:M2gUjqZET1qApGOWNSnZ49BAIMX4F/1plDv3+l31EJ4=
github.com/stretchr/objx v0.4.0/go.mod h1:YvHI0jy2hoMjB+UWwv71VJQ9isScKT/TqJzVSSt89Yw=
github.com/stretchr/testify v1.7.1/go.mod h1:6Fq8oRcR53rry900zMqJjRRixrwX3KX962/h/Wwjteg=
github.com/stretchr/testify v1.8.0 h1:pSgiaMZlXftHpm5L7V1+rVB+AZJydKsMxsQBIJw4PKk=
github.com/stretchr/testify v1.8.0/go.mod h1:yNjHg4UonilssWZ8iaSj1OCr/vHnekPRkoO+kdMU+MU=
github.com/twinj/uuid v0.0.0-20151029044442-89173bcdda19 h1:HlxV0XiEKMMyjS3gGtJmmFZsxQ22GsLvA7F980il+1w=
github.com/twinj/uuid v0.0.0-20151029044442-89173bcdda19/go.mod h1:mMgcE1RHFUFqe5AfiwlINXisXfDGro23fWdPUfOMjRY=
github.com/xtaci/smux v1.5.16 h1:FBPYOkW8ZTjLKUM4LI4xnnuuDC8CQ/dB04HD519WoEk=
github.com/xtaci/smux v1.5.16/go.mod h1:OMlQbT5vcgl2gb49mFkYo6SMf+zP3rcjcwQz7ZU7IGY=
golang.org/x/crypto v0.0.0-20220722155217-630584e8d5aa/go.mod h1:IxCIyHEi3zRg3s0A5j5BB6A9Jmi73HwBIUl50j+osU4=
golang.org/x/crypto v0.41.0 h1:WKYxWedPGCTVVl5+WHSSrOBT0O8lx32+zxmHxijgXp4=
golang.org/x/crypto v0.41.0/go.mod h1:pO5AFd7FA68rFak7rOAGVuygIISepHftHnr8dr6+sUc=
golang.org/x/net v0.0.0-20211112202133-69e39bad7dc2/go.mod h1:9nx3DQGgdP8bBQD5qxJ1jj9UTztislL4KSBs9R2vV5Y=
golang.org/x/net v0.0.0-20220127200216-cd36cc0744dd/go.mod h1:CfG3xpIq0wQ8r1q4Su4UZFWDARRcnwPjda9FqA0JpMk=
golang.org/x/net v0.0.0-20220812174116-3211cb980234/go.mod h1:YDH+HFinaLZZlnHAfSS6ZXJJ9M9t4Dl22yv3iI2vPwk=
golang.org/x/net v0.43.0 h1:lat02VYK2j4aLzMzecihNvTlJNQUq316m2Mr9rnM6YE=
golang.org/x/net v0.43.0/go.mod h1:vhO1fvI4dGsIjh73sWfUVjj3N7CA9WkKJNQm2svM6Jg=
golang.org/x/sync v0.0.0-20220722155255-886fb9371eb4 h1:uVc8UZUe6tr40fFVnUP5Oj+veunVezqYl9z7DYw9xzw=
golang.org/x/sync v0.0.0-20220722155255-886fb9371eb4/go.mod h1:RxMgew5VJxzue5/jJTE5uejpjVlOe/izrB70Jof72aM=
golang.org/x/sys v0.0.0-20201119102817-f84b799fce68/go.mod h1:h1NjWce9XRLGQEsW7wpKNCjG9DtNlClVuFLEZdDNbEs=
golang.org/x/sys v0.0.0-20210423082822-04245dca01da/go.mod h1:h1NjWce9XRLGQEsW7wpKNCjG9DtNlClVuFLEZdDNbEs=
golang.org/x/sys v0.0.0-20210615035016-665e8c7367d1/go.mod h1:oPkhp1MJrh7nUepCBck5+mAzfO9JrbApNNgaTdGDITg=
golang.org/x/sys v0.0.0-20211216021012-1d35b9e2eb4e/go.mod h1:oPkhp1MJrh7nUepCBck5+mAzfO9JrbApNNgaTdGDITg=
golang.org/x/sys v0.0.0-20220412211240-33da011f77ad/go.mod h1:oPkhp1MJrh7nUepCBck5+mAzfO9JrbApNNgaTdGDITg=
golang.org/x/sys v0.0.0-20220520151302-bc2c85ada10a/go.mod h1:oPkhp1MJrh7nUepCBck5+mAzfO9JrbApNNgaTdGDITg=
golang.org/x/sys v0.0.0-20220728004956-3c1f35247d10/go.mod h1:oPkhp1MJrh7nUepCBck5+mAzfO9JrbApNNgaTdGDITg=
golang.org/x/sys v0.0.0-20220811171246-fbc7d0a398ab/go.mod h1:oPkhp1MJrh7nUepCBck5+mAzfO9JrbApNNgaTdGDITg=
golang.org/x/sys v0.35.0 h1:vz1N37gP5bs89s7He8XuIYXpyY0+QlsKmzipCbUtyxI=
golang.org/x/sys v0.35.0/go.mod h1:BJP2sWEmIv4KK5OTEluFJCKSidICx8ciO85XgH3Ak8k=
golang.org/x/term v0.0.0-20201126162022-7de9c90e9dd1/go.mod h1:bj7SfCRtBDWHUb9snDiAeCFNEtKQo2Wmx5Cou7ajbmo=
golang.org/x/term v0.0.0-20210927222741-03fcf44c2211/go.mod h1:jbD1KX2456YbFQfuXm/mYQcufACuNUgVhRMnK/tPxf8=
golang.org/x/term v0.34.0 h1:O/2T7POpk0ZZ7MAzMeWFSg6S5IpWd/RXDlM9hgM3DR4=
golang.org/x/term v0.34.0/go.mod h1:5jC53AEywhIVebHgPVeg0mj8OD3VO9OzclacVrqpaAw=
golang.org/x/text v0.3.6/go.mod h1:5Zoc/QRtKVWzQhOtBMvqHzDpF6irO9z98xDceosuGiQ=
golang.org/x/text v0.3.7/go.mod h1:u+2+/6zg+i71rQMx5EYifcz6MCKuco9NR6JIITiCfzQ=
golang.org/x/tools v0.0.0-20180917221912-90fa682c2a6e/go.mod h1:n7NCudcB/nEzxVGmLbDWY5pfWTLqBcC2KZ6jyYvM4mQ=
gopkg.in/check.v1 v0.0.0-20161208181325-20d25e280405 h1:yhCVgyC4o1eVCa2tZl7eS0r+SDo693bJlVdllGtEeKM=
gopkg.in/check.v1 v0.0.0-20161208181325-20d25e280405/go.mod h1:Co6ibVJAznAaIkqp8huTwlJQCZ016jof/cbN4VW5Yz0=
gopkg.in/yaml.v2 v2.2.8 h1:obN1ZagJSUGI0Ek/LBmuj4SNLPfIny3KsKFopxRdj10=
gopkg.in/yaml.v2 v2.2.8/go.mod h1:hI93XBmqTisBFMUTm0b8Fm+jr3Dg1NNxqwp+5A1VGuI=
gopkg.in/yaml.v3 v3.0.0-20200313102051-9f266ea9e77c/go.mod h1:K4uyk7z7BCEPqu6E+C64Yfv1cQ7kz7rIZviUmN+EgEM=
gopkg.in/yaml.v3 v3.0.1 h1:fxVm/GzAzEWqLHuvctI91KS9hhNmmWOoWu0XTYJS7CA=
gopkg.in/yaml.v3 v3.0.1/go.mod h1:K4uyk7z7BCEPqu6E+C64Yfv1cQ7kz7rIZviUmN+EgEM=
